// !$*UTF8*$!
{
	archiveVersion = 1;
	classes = {
	};
	objectVersion = 48;
	objects = {

/* Begin PBXBuildFile section */
		AB1BFA9C2010F1E200C56794 /* AppDelegate.swift in Sources */ = {isa = PBXBuildFile; fileRef = AB1BFA9B2010F1E200C56794 /* AppDelegate.swift */; };
		AB1BFA9E2010F1E200C56794 /* ViewController.swift in Sources */ = {isa = PBXBuildFile; fileRef = AB1BFA9D2010F1E200C56794 /* ViewController.swift */; };
		AB1BFAA12010F1E200C56794 /* Main.storyboard in Resources */ = {isa = PBXBuildFile; fileRef = AB1BFA9F2010F1E200C56794 /* Main.storyboard */; };
		AB1BFAA32010F1E200C56794 /* Assets.xcassets in Resources */ = {isa = PBXBuildFile; fileRef = AB1BFAA22010F1E200C56794 /* Assets.xcassets */; };
		AB1BFAA62010F1E200C56794 /* LaunchScreen.storyboard in Resources */ = {isa = PBXBuildFile; fileRef = AB1BFAA42010F1E200C56794 /* LaunchScreen.storyboard */; };
		AB6E2B3920121D510046B390 /* SetGame.swift in Sources */ = {isa = PBXBuildFile; fileRef = AB6E2B3820121D510046B390 /* SetGame.swift */; };
		ABB9FC6E201227A4001445EF /* IntExtensions.swift in Sources */ = {isa = PBXBuildFile; fileRef = ABB9FC6D201227A4001445EF /* IntExtensions.swift */; };
		ABB9FC7020126BD5001445EF /* ButtonRender.swift in Sources */ = {isa = PBXBuildFile; fileRef = ABB9FC6F20126BD5001445EF /* ButtonRender.swift */; };
		ABB9FC7220126FD7001445EF /* ButtonExtensions.swift in Sources */ = {isa = PBXBuildFile; fileRef = ABB9FC7120126FD7001445EF /* ButtonExtensions.swift */; };
		ABB9FC7520127DB3001445EF /* Card.swift in Sources */ = {isa = PBXBuildFile; fileRef = ABB9FC7420127DB3001445EF /* Card.swift */; };
		ABB9FC7D2012839F001445EF /* setTests.swift in Sources */ = {isa = PBXBuildFile; fileRef = ABB9FC7C2012839F001445EF /* setTests.swift */; };
/* End PBXBuildFile section */

/* Begin PBXContainerItemProxy section */
		ABB9FC7F2012839F001445EF /* PBXContainerItemProxy */ = {
			isa = PBXContainerItemProxy;
			containerPortal = AB1BFA902010F1E200C56794 /* Project object */;
			proxyType = 1;
			remoteGlobalIDString = AB1BFA972010F1E200C56794;
			remoteInfo = set;
		};
/* End PBXContainerItemProxy section */

/* Begin PBXFileReference section */
		AB1BFA982010F1E200C56794 /* set.app */ = {isa = PBXFileReference; explicitFileType = wrapper.application; includeInIndex = 0; path = set.app; sourceTree = BUILT_PRODUCTS_DIR; };
		AB1BFA9B2010F1E200C56794 /* AppDelegate.swift */ = {isa = PBXFileReference; lastKnownFileType = sourcecode.swift; path = AppDelegate.swift; sourceTree = "<group>"; };
		AB1BFA9D2010F1E200C56794 /* ViewController.swift */ = {isa = PBXFileReference; lastKnownFileType = sourcecode.swift; path = ViewController.swift; sourceTree = "<group>"; };
		AB1BFAA02010F1E200C56794 /* Base */ = {isa = PBXFileReference; lastKnownFileType = file.storyboard; name = Base; path = Base.lproj/Main.storyboard; sourceTree = "<group>"; };
		AB1BFAA22010F1E200C56794 /* Assets.xcassets */ = {isa = PBXFileReference; lastKnownFileType = folder.assetcatalog; path = Assets.xcassets; sourceTree = "<group>"; };
		AB1BFAA52010F1E200C56794 /* Base */ = {isa = PBXFileReference; lastKnownFileType = file.storyboard; name = Base; path = Base.lproj/LaunchScreen.storyboard; sourceTree = "<group>"; };
		AB1BFAA72010F1E200C56794 /* Info.plist */ = {isa = PBXFileReference; lastKnownFileType = text.plist.xml; path = Info.plist; sourceTree = "<group>"; };
		AB6E2B3820121D510046B390 /* SetGame.swift */ = {isa = PBXFileReference; lastKnownFileType = sourcecode.swift; path = SetGame.swift; sourceTree = "<group>"; };
		ABB9FC6D201227A4001445EF /* IntExtensions.swift */ = {isa = PBXFileReference; lastKnownFileType = sourcecode.swift; path = IntExtensions.swift; sourceTree = "<group>"; };
		ABB9FC6F20126BD5001445EF /* ButtonRender.swift */ = {isa = PBXFileReference; lastKnownFileType = sourcecode.swift; path = ButtonRender.swift; sourceTree = "<group>"; };
		ABB9FC7120126FD7001445EF /* ButtonExtensions.swift */ = {isa = PBXFileReference; lastKnownFileType = sourcecode.swift; path = ButtonExtensions.swift; sourceTree = "<group>"; };
		ABB9FC7420127DB3001445EF /* Card.swift */ = {isa = PBXFileReference; lastKnownFileType = sourcecode.swift; path = Card.swift; sourceTree = "<group>"; };
		ABB9FC7A2012839F001445EF /* setTests.xctest */ = {isa = PBXFileReference; explicitFileType = wrapper.cfbundle; includeInIndex = 0; path = setTests.xctest; sourceTree = BUILT_PRODUCTS_DIR; };
		ABB9FC7C2012839F001445EF /* setTests.swift */ = {isa = PBXFileReference; lastKnownFileType = sourcecode.swift; path = setTests.swift; sourceTree = "<group>"; };
		ABB9FC7E2012839F001445EF /* Info.plist */ = {isa = PBXFileReference; lastKnownFileType = text.plist.xml; path = Info.plist; sourceTree = "<group>"; };
/* End PBXFileReference section */

/* Begin PBXFrameworksBuildPhase section */
		AB1BFA952010F1E200C56794 /* Frameworks */ = {
			isa = PBXFrameworksBuildPhase;
			buildActionMask = 2147483647;
			files = (
			);
			runOnlyForDeploymentPostprocessing = 0;
		};
		ABB9FC772012839F001445EF /* Frameworks */ = {
			isa = PBXFrameworksBuildPhase;
			buildActionMask = 2147483647;
			files = (
			);
			runOnlyForDeploymentPostprocessing = 0;
		};
/* End PBXFrameworksBuildPhase section */

/* Begin PBXGroup section */
		AB1BFA8F2010F1E200C56794 = {
			isa = PBXGroup;
			children = (
				AB1BFA9A2010F1E200C56794 /* set */,
				ABB9FC7B2012839F001445EF /* setTests */,
				AB1BFA992010F1E200C56794 /* Products */,
			);
			sourceTree = "<group>";
		};
		AB1BFA992010F1E200C56794 /* Products */ = {
			isa = PBXGroup;
			children = (
				AB1BFA982010F1E200C56794 /* set.app */,
				ABB9FC7A2012839F001445EF /* setTests.xctest */,
			);
			name = Products;
			sourceTree = "<group>";
		};
		AB1BFA9A2010F1E200C56794 /* set */ = {
			isa = PBXGroup;
			children = (
				ABB9FC7320127D99001445EF /* Model */,
				AB1BFA9B2010F1E200C56794 /* AppDelegate.swift */,
				AB1BFA9D2010F1E200C56794 /* ViewController.swift */,
				AB1BFA9F2010F1E200C56794 /* Main.storyboard */,
				AB1BFAA22010F1E200C56794 /* Assets.xcassets */,
				AB1BFAA42010F1E200C56794 /* LaunchScreen.storyboard */,
				AB1BFAA72010F1E200C56794 /* Info.plist */,
				ABB9FC6D201227A4001445EF /* IntExtensions.swift */,
				ABB9FC6F20126BD5001445EF /* ButtonRender.swift */,
				ABB9FC7120126FD7001445EF /* ButtonExtensions.swift */,
			);
			path = set;
			sourceTree = "<group>";
		};
		ABB9FC7320127D99001445EF /* Model */ = {
			isa = PBXGroup;
			children = (
				AB6E2B3820121D510046B390 /* SetGame.swift */,
				ABB9FC7420127DB3001445EF /* Card.swift */,
			);
			path = Model;
			sourceTree = "<group>";
		};
		ABB9FC7B2012839F001445EF /* setTests */ = {
			isa = PBXGroup;
			children = (
				ABB9FC7C2012839F001445EF /* setTests.swift */,
				ABB9FC7E2012839F001445EF /* Info.plist */,
			);
			path = setTests;
			sourceTree = "<group>";
		};
/* End PBXGroup section */

/* Begin PBXNativeTarget section */
		AB1BFA972010F1E200C56794 /* set */ = {
			isa = PBXNativeTarget;
			buildConfigurationList = AB1BFAAA2010F1E200C56794 /* Build configuration list for PBXNativeTarget "set" */;
			buildPhases = (
				AB1BFA942010F1E200C56794 /* Sources */,
				AB1BFA952010F1E200C56794 /* Frameworks */,
				AB1BFA962010F1E200C56794 /* Resources */,
			);
			buildRules = (
			);
			dependencies = (
			);
			name = set;
			productName = set;
			productReference = AB1BFA982010F1E200C56794 /* set.app */;
			productType = "com.apple.product-type.application";
		};
		ABB9FC792012839F001445EF /* setTests */ = {
			isa = PBXNativeTarget;
			buildConfigurationList = ABB9FC812012839F001445EF /* Build configuration list for PBXNativeTarget "setTests" */;
			buildPhases = (
				ABB9FC762012839F001445EF /* Sources */,
				ABB9FC772012839F001445EF /* Frameworks */,
				ABB9FC782012839F001445EF /* Resources */,
			);
			buildRules = (
			);
			dependencies = (
				ABB9FC802012839F001445EF /* PBXTargetDependency */,
			);
			name = setTests;
			productName = setTests;
			productReference = ABB9FC7A2012839F001445EF /* setTests.xctest */;
			productType = "com.apple.product-type.bundle.unit-test";
		};
/* End PBXNativeTarget section */

/* Begin PBXProject section */
		AB1BFA902010F1E200C56794 /* Project object */ = {
			isa = PBXProject;
			attributes = {
				LastSwiftUpdateCheck = 0920;
				LastUpgradeCheck = 0920;
				ORGANIZATIONNAME = SimpleTechture;
				TargetAttributes = {
					AB1BFA972010F1E200C56794 = {
						CreatedOnToolsVersion = 9.2;
						ProvisioningStyle = Automatic;
					};
					ABB9FC792012839F001445EF = {
						CreatedOnToolsVersion = 9.2;
						ProvisioningStyle = Automatic;
						TestTargetID = AB1BFA972010F1E200C56794;
					};
				};
			};
			buildConfigurationList = AB1BFA932010F1E200C56794 /* Build configuration list for PBXProject "set" */;
			compatibilityVersion = "Xcode 8.0";
			developmentRegion = en;
			hasScannedForEncodings = 0;
			knownRegions = (
				en,
				Base,
			);
			mainGroup = AB1BFA8F2010F1E200C56794;
			productRefGroup = AB1BFA992010F1E200C56794 /* Products */;
			projectDirPath = "";
			projectRoot = "";
			targets = (
				AB1BFA972010F1E200C56794 /* set */,
				ABB9FC792012839F001445EF /* setTests */,
			);
		};
/* End PBXProject section */

/* Begin PBXResourcesBuildPhase section */
		AB1BFA962010F1E200C56794 /* Resources */ = {
			isa = PBXResourcesBuildPhase;
			buildActionMask = 2147483647;
			files = (
				AB1BFAA62010F1E200C56794 /* LaunchScreen.storyboard in Resources */,
				AB1BFAA32010F1E200C56794 /* Assets.xcassets in Resources */,
				AB1BFAA12010F1E200C56794 /* Main.storyboard in Resources */,
			);
			runOnlyForDeploymentPostprocessing = 0;
		};
		ABB9FC782012839F001445EF /* Resources */ = {
			isa = PBXResourcesBuildPhase;
			buildActionMask = 2147483647;
			files = (
			);
			runOnlyForDeploymentPostprocessing = 0;
		};
/* End PBXResourcesBuildPhase section */

/* Begin PBXSourcesBuildPhase section */
		AB1BFA942010F1E200C56794 /* Sources */ = {
			isa = PBXSourcesBuildPhase;
			buildActionMask = 2147483647;
			files = (
				AB1BFA9E2010F1E200C56794 /* ViewController.swift in Sources */,
				ABB9FC6E201227A4001445EF /* IntExtensions.swift in Sources */,
				ABB9FC7520127DB3001445EF /* Card.swift in Sources */,
				AB6E2B3920121D510046B390 /* SetGame.swift in Sources */,
				ABB9FC7220126FD7001445EF /* ButtonExtensions.swift in Sources */,
				ABB9FC7020126BD5001445EF /* ButtonRender.swift in Sources */,
				AB1BFA9C2010F1E200C56794 /* AppDelegate.swift in Sources */,
			);
			runOnlyForDeploymentPostprocessing = 0;
		};
		ABB9FC762012839F001445EF /* Sources */ = {
			isa = PBXSourcesBuildPhase;
			buildActionMask = 2147483647;
			files = (
				ABB9FC7D2012839F001445EF /* setTests.swift in Sources */,
			);
			runOnlyForDeploymentPostprocessing = 0;
		};
/* End PBXSourcesBuildPhase section */

/* Begin PBXTargetDependency section */
		ABB9FC802012839F001445EF /* PBXTargetDependency */ = {
			isa = PBXTargetDependency;
			target = AB1BFA972010F1E200C56794 /* set */;
			targetProxy = ABB9FC7F2012839F001445EF /* PBXContainerItemProxy */;
		};
/* End PBXTargetDependency section */

/* Begin PBXVariantGroup section */
		AB1BFA9F2010F1E200C56794 /* Main.storyboard */ = {
			isa = PBXVariantGroup;
			children = (
				AB1BFAA02010F1E200C56794 /* Base */,
			);
			name = Main.storyboard;
			sourceTree = "<group>";
		};
		AB1BFAA42010F1E200C56794 /* LaunchScreen.storyboard */ = {
			isa = PBXVariantGroup;
			children = (
				AB1BFAA52010F1E200C56794 /* Base */,
			);
			name = LaunchScreen.storyboard;
			sourceTree = "<group>";
		};
/* End PBXVariantGroup section */

/* Begin XCBuildConfiguration section */
		AB1BFAA82010F1E200C56794 /* Debug */ = {
			isa = XCBuildConfiguration;
			buildSettings = {
				ALWAYS_SEARCH_USER_PATHS = NO;
				CLANG_ANALYZER_NONNULL = YES;
				CLANG_ANALYZER_NUMBER_OBJECT_CONVERSION = YES_AGGRESSIVE;
				CLANG_CXX_LANGUAGE_STANDARD = "gnu++14";
				CLANG_CXX_LIBRARY = "libc++";
				CLANG_ENABLE_MODULES = YES;
				CLANG_ENABLE_OBJC_ARC = YES;
				CLANG_WARN_BLOCK_CAPTURE_AUTORELEASING = YES;
				CLANG_WARN_BOOL_CONVERSION = YES;
				CLANG_WARN_COMMA = YES;
				CLANG_WARN_CONSTANT_CONVERSION = YES;
				CLANG_WARN_DIRECT_OBJC_ISA_USAGE = YES_ERROR;
				CLANG_WARN_DOCUMENTATION_COMMENTS = YES;
				CLANG_WARN_EMPTY_BODY = YES;
				CLANG_WARN_ENUM_CONVERSION = YES;
				CLANG_WARN_INFINITE_RECURSION = YES;
				CLANG_WARN_INT_CONVERSION = YES;
				CLANG_WARN_NON_LITERAL_NULL_CONVERSION = YES;
				CLANG_WARN_OBJC_LITERAL_CONVERSION = YES;
				CLANG_WARN_OBJC_ROOT_CLASS = YES_ERROR;
				CLANG_WARN_RANGE_LOOP_ANALYSIS = YES;
				CLANG_WARN_STRICT_PROTOTYPES = YES;
				CLANG_WARN_SUSPICIOUS_MOVE = YES;
				CLANG_WARN_UNGUARDED_AVAILABILITY = YES_AGGRESSIVE;
				CLANG_WARN_UNREACHABLE_CODE = YES;
				CLANG_WARN__DUPLICATE_METHOD_MATCH = YES;
				CODE_SIGN_IDENTITY = "iPhone Developer";
				COPY_PHASE_STRIP = NO;
				DEBUG_INFORMATION_FORMAT = dwarf;
				ENABLE_STRICT_OBJC_MSGSEND = YES;
				ENABLE_TESTABILITY = YES;
				GCC_C_LANGUAGE_STANDARD = gnu11;
				GCC_DYNAMIC_NO_PIC = NO;
				GCC_NO_COMMON_BLOCKS = YES;
				GCC_OPTIMIZATION_LEVEL = 0;
				GCC_PREPROCESSOR_DEFINITIONS = (
					"DEBUG=1",
					"$(inherited)",
				);
				GCC_WARN_64_TO_32_BIT_CONVERSION = YES;
				GCC_WARN_ABOUT_RETURN_TYPE = YES_ERROR;
				GCC_WARN_UNDECLARED_SELECTOR = YES;
				GCC_WARN_UNINITIALIZED_AUTOS = YES_AGGRESSIVE;
				GCC_WARN_UNUSED_FUNCTION = YES;
				GCC_WARN_UNUSED_VARIABLE = YES;
				IPHONEOS_DEPLOYMENT_TARGET = 11.2;
				MTL_ENABLE_DEBUG_INFO = YES;
				ONLY_ACTIVE_ARCH = YES;
				SDKROOT = iphoneos;
				SWIFT_ACTIVE_COMPILATION_CONDITIONS = DEBUG;
				SWIFT_OPTIMIZATION_LEVEL = "-Onone";
			};
			name = Debug;
		};
		AB1BFAA92010F1E200C56794 /* Release */ = {
			isa = XCBuildConfiguration;
			buildSettings = {
				ALWAYS_SEARCH_USER_PATHS = NO;
				CLANG_ANALYZER_NONNULL = YES;
				CLANG_ANALYZER_NUMBER_OBJECT_CONVERSION = YES_AGGRESSIVE;
				CLANG_CXX_LANGUAGE_STANDARD = "gnu++14";
				CLANG_CXX_LIBRARY = "libc++";
				CLANG_ENABLE_MODULES = YES;
				CLANG_ENABLE_OBJC_ARC = YES;
				CLANG_WARN_BLOCK_CAPTURE_AUTORELEASING = YES;
				CLANG_WARN_BOOL_CONVERSION = YES;
				CLANG_WARN_COMMA = YES;
				CLANG_WARN_CONSTANT_CONVERSION = YES;
				CLANG_WARN_DIRECT_OBJC_ISA_USAGE = YES_ERROR;
				CLANG_WARN_DOCUMENTATION_COMMENTS = YES;
				CLANG_WARN_EMPTY_BODY = YES;
				CLANG_WARN_ENUM_CONVERSION = YES;
				CLANG_WARN_INFINITE_RECURSION = YES;
				CLANG_WARN_INT_CONVERSION = YES;
				CLANG_WARN_NON_LITERAL_NULL_CONVERSION = YES;
				CLANG_WARN_OBJC_LITERAL_CONVERSION = YES;
				CLANG_WARN_OBJC_ROOT_CLASS = YES_ERROR;
				CLANG_WARN_RANGE_LOOP_ANALYSIS = YES;
				CLANG_WARN_STRICT_PROTOTYPES = YES;
				CLANG_WARN_SUSPICIOUS_MOVE = YES;
				CLANG_WARN_UNGUARDED_AVAILABILITY = YES_AGGRESSIVE;
				CLANG_WARN_UNREACHABLE_CODE = YES;
				CLANG_WARN__DUPLICATE_METHOD_MATCH = YES;
				CODE_SIGN_IDENTITY = "iPhone Developer";
				COPY_PHASE_STRIP = NO;
				DEBUG_INFORMATION_FORMAT = "dwarf-with-dsym";
				ENABLE_NS_ASSERTIONS = NO;
				ENABLE_STRICT_OBJC_MSGSEND = YES;
				GCC_C_LANGUAGE_STANDARD = gnu11;
				GCC_NO_COMMON_BLOCKS = YES;
				GCC_WARN_64_TO_32_BIT_CONVERSION = YES;
				GCC_WARN_ABOUT_RETURN_TYPE = YES_ERROR;
				GCC_WARN_UNDECLARED_SELECTOR = YES;
				GCC_WARN_UNINITIALIZED_AUTOS = YES_AGGRESSIVE;
				GCC_WARN_UNUSED_FUNCTION = YES;
				GCC_WARN_UNUSED_VARIABLE = YES;
				IPHONEOS_DEPLOYMENT_TARGET = 11.2;
				MTL_ENABLE_DEBUG_INFO = NO;
				SDKROOT = iphoneos;
				SWIFT_OPTIMIZATION_LEVEL = "-Owholemodule";
				VALIDATE_PRODUCT = YES;
			};
			name = Release;
		};
		AB1BFAAB2010F1E200C56794 /* Debug */ = {
			isa = XCBuildConfiguration;
			buildSettings = {
				ASSETCATALOG_COMPILER_APPICON_NAME = AppIcon;
				CODE_SIGN_STYLE = Automatic;
				DEVELOPMENT_TEAM = PF64NZ9WG6;
				INFOPLIST_FILE = set/Info.plist;
				LD_RUNPATH_SEARCH_PATHS = "$(inherited) @executable_path/Frameworks";
				PRODUCT_BUNDLE_IDENTIFIER = nl.simpletechture.set;
				PRODUCT_NAME = "$(TARGET_NAME)";
				SWIFT_VERSION = 4.0;
				TARGETED_DEVICE_FAMILY = "1,2";
			};
			name = Debug;
		};
		AB1BFAAC2010F1E200C56794 /* Release */ = {
			isa = XCBuildConfiguration;
			buildSettings = {
				ASSETCATALOG_COMPILER_APPICON_NAME = AppIcon;
				CODE_SIGN_STYLE = Automatic;
				DEVELOPMENT_TEAM = PF64NZ9WG6;
				INFOPLIST_FILE = set/Info.plist;
				LD_RUNPATH_SEARCH_PATHS = "$(inherited) @executable_path/Frameworks";
				PRODUCT_BUNDLE_IDENTIFIER = nl.simpletechture.set;
				PRODUCT_NAME = "$(TARGET_NAME)";
				SWIFT_VERSION = 4.0;
				TARGETED_DEVICE_FAMILY = "1,2";
			};
			name = Release;
		};
		ABB9FC822012839F001445EF /* Debug */ = {
			isa = XCBuildConfiguration;
			buildSettings = {
				BUNDLE_LOADER = "$(TEST_HOST)";
				CODE_SIGN_STYLE = Automatic;
				DEVELOPMENT_TEAM = PF64NZ9WG6;
				INFOPLIST_FILE = setTests/Info.plist;
				LD_RUNPATH_SEARCH_PATHS = "$(inherited) @executable_path/Frameworks @loader_path/Frameworks";
				PRODUCT_BUNDLE_IDENTIFIER = nl.simpletechture.setTests;
				PRODUCT_NAME = "$(TARGET_NAME)";
				SWIFT_VERSION = 4.0;
				TARGETED_DEVICE_FAMILY = "1,2";
				TEST_HOST = "$(BUILT_PRODUCTS_DIR)/set.app/set";
			};
			name = Debug;
		};
		ABB9FC832012839F001445EF /* Release */ = {
			isa = XCBuildConfiguration;
			buildSettings = {
				BUNDLE_LOADER = "$(TEST_HOST)";
				CODE_SIGN_STYLE = Automatic;
				DEVELOPMENT_TEAM = PF64NZ9WG6;
				INFOPLIST_FILE = setTests/Info.plist;
				LD_RUNPATH_SEARCH_PATHS = "$(inherited) @executable_path/Frameworks @loader_path/Frameworks";
				PRODUCT_BUNDLE_IDENTIFIER = nl.simpletechture.setTests;
				PRODUCT_NAME = "$(TARGET_NAME)";
				SWIFT_VERSION = 4.0;
				TARGETED_DEVICE_FAMILY = "1,2";
				TEST_HOST = "$(BUILT_PRODUCTS_DIR)/set.app/set";
			};
			name = Release;
		};
/* End XCBuildConfiguration section */

/* Begin XCConfigurationList section */
		AB1BFA932010F1E200C56794 /* Build configuration list for PBXProject "set" */ = {
			isa = XCConfigurationList;
			buildConfigurations = (
				AB1BFAA82010F1E200C56794 /* Debug */,
				AB1BFAA92010F1E200C56794 /* Release */,
			);
			defaultConfigurationIsVisible = 0;
			defaultConfigurationName = Release;
		};
		AB1BFAAA2010F1E200C56794 /* Build configuration list for PBXNativeTarget "set" */ = {
			isa = XCConfigurationList;
			buildConfigurations = (
				AB1BFAAB2010F1E200C56794 /* Debug */,
				AB1BFAAC2010F1E200C56794 /* Release */,
			);
			defaultConfigurationIsVisible = 0;
			defaultConfigurationName = Release;
		};
		ABB9FC812012839F001445EF /* Build configuration list for PBXNativeTarget "setTests" */ = {
			isa = XCConfigurationList;
			buildConfigurations = (
				ABB9FC822012839F001445EF /* Debug */,
				ABB9FC832012839F001445EF /* Release */,
			);
			defaultConfigurationIsVisible = 0;
			defaultConfigurationName = Release;
		};
/* End XCConfigurationList section */
	};
	rootObject = AB1BFA902010F1E200C56794 /* Project object */;
}
